
Microsoft Visual Studio Solution File, Format Version 12.00
# Visual Studio Version 17
VisualStudioVersion = 17.14.36603.0 d17.14
MinimumVisualStudioVersion = 10.0.40219.1
Project("{FAE04EC0-301F-11D3-BF4B-00C04F79EFBC}") = "StudentFrontend", "StudentFrontend.csproj", "{8A4D0016-1912-4E50-AAB3-030F5C6171B0}"
EndProject
Global
	GlobalSection(SolutionConfigurationPlatforms) = preSolution
		Debug|Any CPU = Debug|Any CPU
		Release|Any CPU = Release|Any CPU
	EndGlobalSection
	GlobalSection(ProjectConfigurationPlatforms) = postSolution
		{8A4D0016-1912-4E50-AAB3-030F5C6171B0}.Debug|Any CPU.ActiveCfg = Debug|Any CPU
		{8A4D0016-1912-4E50-AAB3-030F5C6171B0}.Debug|Any CPU.Build.0 = Debug|Any CPU
		{8A4D0016-1912-4E50-AAB3-030F5C6171B0}.Release|Any CPU.ActiveCfg = Release|Any CPU
		{8A4D0016-1912-4E50-AAB3-030F5C6171B0}.Release|Any CPU.Build.0 = Release|Any CPU
	EndGlobalSection
	GlobalSection(SolutionProperties) = preSolution
		HideSolutionNode = FALSE
	EndGlobalSection
	GlobalSection(ExtensibilityGlobals) = postSolution
		SolutionGuid = {EB841AD3-D30A-405E-AE01-EB9DD898375C}
	EndGlobalSection
EndGlobal
